using System;

namespace ConcoleAppHomeWork2
{ 
    class Program
    {
        static void Main(string[] args)
        {
            string stroka = "1a2b3c3y95po7";

            for (int i = 0; i < stroka.Length; i++)
                if (i % 2 == 1)

                    Console.Write(stroka[i]);

        }
    }
}

