using System;

namespace ConsoleApp5_калькулятор
{
    class Program
    {
        static void Main(string[] args)
        {
            while (true)
            {
                Console.Clear();

                double parameterOne, parameterTwo;
                string operation;

                try
                {
                   Console.WriteLine("Введите первое число");
                   parameterOne = double.Parse(Console.ReadLine());

                    Console.WriteLine("Введите второе число");
                    parameterTwo = double.Parse(Console.ReadLine());
                }

                catch (Exception)
                {
                    Console.WriteLine("Ошибка! Введите число!");
                    Console.ReadLine();
                    continue;
                }

                Console.WriteLine("Выберите операцию: '+' '-' '*' '/'");
                operation = Console.ReadLine();

                switch (operation)
                {
                    case "+":
                        Console.WriteLine(parameterOne + parameterTwo);
                        break;

                    case "-":
                        Console.WriteLine(parameterOne - parameterTwo);
                        break;

                    case "*":
                        Console.WriteLine(parameterOne * parameterTwo);
                        break;

                    case "/":
                        if (parameterTwo == 0)
                            Console.WriteLine("Ошибка! Деление на ноль невозможно!");
                        else
                            Console.WriteLine(parameterOne / parameterTwo);
                        break;

                    default:
                        Console.WriteLine("Ошибка! Операция не найдена!");
                        break;
                }
                Console.ReadLine();
            }
           
        }
    }
}
